lockfileVersion: '9.0'

settings:
  autoInstallPeers: true
  excludeLinksFromLockfile: false

importers:

  .:
    devDependencies:
      '@capacitor/android':
        specifier: ^5.0.4
        version: 5.0.4(@capacitor/core@5.0.4)
      '@capacitor/core':
        specifier: ^5.0.4
        version: 5.0.4
      '@capacitor/docgen':
        specifier: ^0.2.1
        version: 0.2.1
      rollup:
        specifier: ^2.32.0
        version: 2.79.1
      typescript:
        specifier: ~4.1.5
        version: 4.1.6

packages:

  '@capacitor/android@5.0.4':
    resolution: {integrity: sha512-WtXmjRQ0bCtFkwBID/jVEPbqnh0uR9wTSgkW7QNzogDuA0iyJJI2nxDfT9knUmg6mne/CnfTXg093zzdc13C0w==}
    peerDependencies:
      '@capacitor/core': ^5.0.0

  '@capacitor/core@5.0.4':
    resolution: {integrity: sha512-BFvziz9jM87pLHW2sXPNIzwrdmI5mAP0tBsBHgXoCO2+wVdpvIMYCpcst5BuTULaMz5JBFZZ6g6nqwgfs+SMCA==}

  '@capacitor/docgen@0.2.1':
    resolution: {integrity: sha512-COS5teC6n+EOSaBS7voHnIeIKH7owALnVoI1AhVArIWtBrc1JxSgkUuvLHpti4VGZdXdsrtp4yBPUwGm8WOZKA==}
    engines: {node: '>=14.5.0'}
    hasBin: true

  '@types/node@14.18.48':
    resolution: {integrity: sha512-iL0PIMwejpmuVHgfibHpfDwOdsbmB50wr21X71VnF5d7SsBF7WK+ZvP/SCcFm7Iwb9iiYSap9rlrdhToNAWdxg==}

  colorette@2.0.20:
    resolution: {integrity: sha512-IfEDxwoWIjkeXL1eXcDiow4UbKjhLdq6/EuSVR9GMN7KVH3r9gQ83e73hsz1Nd1T3ijd5xv1wcWRYO+D6kCI2w==}

  fsevents@2.3.2:
    resolution: {integrity: sha512-xiqMQR4xAeHTuB9uWm+fFRcIOgKBMiOBP+eXiyT7jsgVCq1bkVygt00oASowB7EdtpOHaaPgKt812P9ab+DDKA==}
    engines: {node: ^8.16.0 || ^10.6.0 || >=11.0.0}
    os: [darwin]

  github-slugger@1.5.0:
    resolution: {integrity: sha512-wIh+gKBI9Nshz2o46B0B3f5k/W+WI9ZAv6y5Dn5WJ5SK1t0TnDimB4WE5rmTD05ZAIn8HALCZVmCsvj0w0v0lw==}

  minimist@1.2.8:
    resolution: {integrity: sha512-2yyAR8qBkN3YuheJanUpWC5U3bb5osDywNB8RzDVlDwDHbocAJveqqj1u8+SVD7jkWT4yvsHCpWqqWqAxb0zCA==}

  rollup@2.79.1:
    resolution: {integrity: sha512-uKxbd0IhMZOhjAiD5oAFp7BqvkA4Dv47qpOCtaNvng4HBwdbWtdOh8f5nZNuk2rp51PMGk3bzfWu5oayNEuYnw==}
    engines: {node: '>=10.0.0'}
    hasBin: true

  tslib@2.5.2:
    resolution: {integrity: sha512-5svOrSA2w3iGFDs1HibEVBGbDrAY82bFQ3HZ3ixB+88nsbsWQoKqDRb5UBYAUPEzbBn6dAp5gRNXglySbx1MlA==}

  typescript@4.1.6:
    resolution: {integrity: sha512-pxnwLxeb/Z5SP80JDRzVjh58KsM6jZHRAOtTpS7sXLS4ogXNKC9ANxHHZqLLeVHZN35jCtI4JdmLLbLiC1kBow==}
    engines: {node: '>=4.2.0'}
    hasBin: true

  typescript@4.2.4:
    resolution: {integrity: sha512-V+evlYHZnQkaz8TRBuxTA92yZBPotr5H+WhQ7bD3hZUndx5tGOa1fuCgeSjxAzM1RiN5IzvadIXTVefuuwZCRg==}
    engines: {node: '>=4.2.0'}
    hasBin: true

snapshots:

  '@capacitor/android@5.0.4(@capacitor/core@5.0.4)':
    dependencies:
      '@capacitor/core': 5.0.4

  '@capacitor/core@5.0.4':
    dependencies:
      tslib: 2.5.2

  '@capacitor/docgen@0.2.1':
    dependencies:
      '@types/node': 14.18.48
      colorette: 2.0.20
      github-slugger: 1.5.0
      minimist: 1.2.8
      typescript: 4.2.4

  '@types/node@14.18.48': {}

  colorette@2.0.20: {}

  fsevents@2.3.2:
    optional: true

  github-slugger@1.5.0: {}

  minimist@1.2.8: {}

  rollup@2.79.1:
    optionalDependencies:
      fsevents: 2.3.2

  tslib@2.5.2: {}

  typescript@4.1.6: {}

  typescript@4.2.4: {}
