lockfileVersion: 5.4

specifiers:
  '@capacitor/android': ^4.0.0
  '@capacitor/core': ^4.0.0
  '@capacitor/docgen': ^0.0.18
  rollup: ^2.32.0
  typescript: ~4.1.5

devDependencies:
  '@capacitor/android': 4.6.2_@capacitor+core@4.6.2
  '@capacitor/core': 4.6.2
  '@capacitor/docgen': 0.0.18
  rollup: 2.79.1
  typescript: 4.1.6

packages:

  /@capacitor/android/4.6.2_@capacitor+core@4.6.2:
    resolution: {integrity: sha512-PQpOJnMi0i/d4UrT8bPdfkwlKAlQLgsyo2YKj+iUYjEIu8sKQvqDirLYnpeKhj4cflIG2u9mh/eFncooA+u2gw==}
    peerDependencies:
      '@capacitor/core': ^4.6.0
    dependencies:
      '@capacitor/core': 4.6.2
    dev: true

  /@capacitor/core/4.6.2:
    resolution: {integrity: sha512-M/KpAg+peft/HTb7svLiKHxjbll67ybs1vEqhZuvjXlwro53NxNXR4YJS7+wNXZSiA4Kxjtf+a754xGgZcMarA==}
    dependencies:
      tslib: 2.4.1
    dev: true

  /@capacitor/docgen/0.0.18:
    resolution: {integrity: sha512-BVqzrbSi9u5IaKRLlG0H/ZW8M23FDJpH2018RTGVHRn2Yk3na9jOcItBc3r+rYiwgRgAHylNw9Lt7+lWmJBD3Q==}
    engines: {node: '>=14.5.0'}
    hasBin: true
    dependencies:
      '@types/node': 14.18.36
      colorette: 1.4.0
      github-slugger: 1.5.0
      minimist: 1.2.7
      typescript: 4.2.4
    dev: true

  /@types/node/14.18.36:
    resolution: {integrity: sha512-FXKWbsJ6a1hIrRxv+FoukuHnGTgEzKYGi7kilfMae96AL9UNkPFNWJEEYWzdRI9ooIkbr4AKldyuSTLql06vLQ==}
    dev: true

  /colorette/1.4.0:
    resolution: {integrity: sha512-Y2oEozpomLn7Q3HFP7dpww7AtMJplbM9lGZP6RDfHqmbeRjiwRg4n6VM6j4KLmRke85uWEI7JqF17f3pqdRA0g==}
    dev: true

  /fsevents/2.3.2:
    resolution: {integrity: sha512-xiqMQR4xAeHTuB9uWm+fFRcIOgKBMiOBP+eXiyT7jsgVCq1bkVygt00oASowB7EdtpOHaaPgKt812P9ab+DDKA==}
    engines: {node: ^8.16.0 || ^10.6.0 || >=11.0.0}
    os: [darwin]
    requiresBuild: true
    dev: true
    optional: true

  /github-slugger/1.5.0:
    resolution: {integrity: sha512-wIh+gKBI9Nshz2o46B0B3f5k/W+WI9ZAv6y5Dn5WJ5SK1t0TnDimB4WE5rmTD05ZAIn8HALCZVmCsvj0w0v0lw==}
    dev: true

  /minimist/1.2.7:
    resolution: {integrity: sha512-bzfL1YUZsP41gmu/qjrEk0Q6i2ix/cVeAhbCbqH9u3zYutS1cLg00qhrD0M2MVdCcx4Sc0UpP2eBWo9rotpq6g==}
    dev: true

  /rollup/2.79.1:
    resolution: {integrity: sha512-uKxbd0IhMZOhjAiD5oAFp7BqvkA4Dv47qpOCtaNvng4HBwdbWtdOh8f5nZNuk2rp51PMGk3bzfWu5oayNEuYnw==}
    engines: {node: '>=10.0.0'}
    hasBin: true
    optionalDependencies:
      fsevents: 2.3.2
    dev: true

  /tslib/2.4.1:
    resolution: {integrity: sha512-tGyy4dAjRIEwI7BzsB0lynWgOpfqjUdq91XXAlIWD2OwKBH7oCl/GZG/HT4BOHrTlPMOASlMQ7veyTqpmRcrNA==}
    dev: true

  /typescript/4.1.6:
    resolution: {integrity: sha512-pxnwLxeb/Z5SP80JDRzVjh58KsM6jZHRAOtTpS7sXLS4ogXNKC9ANxHHZqLLeVHZN35jCtI4JdmLLbLiC1kBow==}
    engines: {node: '>=4.2.0'}
    hasBin: true
    dev: true

  /typescript/4.2.4:
    resolution: {integrity: sha512-V+evlYHZnQkaz8TRBuxTA92yZBPotr5H+WhQ7bD3hZUndx5tGOa1fuCgeSjxAzM1RiN5IzvadIXTVefuuwZCRg==}
    engines: {node: '>=4.2.0'}
    hasBin: true
    dev: true
